<?xml version="1.0" encoding="utf-8"?>
<Project ToolsVersion="4.0" xmlns="http://schemas.microsoft.com/developer/msbuild/2003">
  <ItemGroup>
    <Filter Include="Header Files">
      <UniqueIdentifier>{93995380-89BD-4b04-88EB-625FBE52EBFB}</UniqueIdentifier>
      <Extensions>h;hpp;hxx;hm;inl;inc;xsd</Extensions>
    </Filter>
    <Filter Include="Resource Files">
      <UniqueIdentifier>{67DA6AB6-F800-4c08-8B7A-83BB121AAD01}</UniqueIdentifier>
      <Extensions>rc;ico;cur;bmp;dlg;rc2;rct;bin;rgs;gif;jpg;jpeg;jpe;resx</Extensions>
    </Filter>
    <Filter Include="Source Files">
      <UniqueIdentifier>{4FC737F1-C7A5-4376-A066-2A32D752A2FF}</UniqueIdentifier>
      <Extensions>cpp;c;cc;cxx;def;odl;idl;hpj;bat;asm;asmx</Extensions>
    </Filter>
    <Filter Include="Header Files\Stub">
      <UniqueIdentifier>{323b05ab-3744-43b4-8c2a-243842544d2e}</UniqueIdentifier>
    </Filter>
    <Filter Include="Header Files\Stub\ags2client">
      <UniqueIdentifier>{26335967-bd50-4c8b-a404-b95a4414a8c6}</UniqueIdentifier>
    </Filter>
    <Filter Include="Source Files\Stub">
      <UniqueIdentifier>{fd9b9c7b-c8e3-42cd-818a-6eefc95f799a}</UniqueIdentifier>
    </Filter>
    <Filter Include="Source Files\Stub\ags2client">
      <UniqueIdentifier>{813f7eed-2547-4d86-931f-e9ffe60f3efb}</UniqueIdentifier>
    </Filter>
  </ItemGroup>
  <ItemGroup>
    <ClInclude Include="..\Stub\ags2client\agsplugin.h">
      <Filter>Header Files\Stub\ags2client</Filter>
    </ClInclude>
    <ClInclude Include="..\Stub\ags2client\IAGS2Client.h">
      <Filter>Header Files\Stub\ags2client</Filter>
    </ClInclude>
    <ClInclude Include="..\Stub\ags2client\IClientAchievements.h">
      <Filter>Header Files\Stub\ags2client</Filter>
    </ClInclude>
    <ClInclude Include="..\Stub\ags2client\IClientLeaderboards.h">
      <Filter>Header Files\Stub\ags2client</Filter>
    </ClInclude>
    <ClInclude Include="..\Stub\ags2client\IClientStats.h">
      <Filter>Header Files\Stub\ags2client</Filter>
    </ClInclude>
    <ClInclude Include="..\AGSteamPlugin.h">
      <Filter>Header Files</Filter>
    </ClInclude>
    <ClInclude Include="..\SteamAchievements.h">
      <Filter>Header Files</Filter>
    </ClInclude>
    <ClInclude Include="..\SteamLeaderboards.h">
      <Filter>Header Files</Filter>
    </ClInclude>
    <ClInclude Include="..\SteamStats.h">
      <Filter>Header Files</Filter>
    </ClInclude>
    <ClInclude Include="..\Stub\AchievementsStub.h">
      <Filter>Header Files\Stub</Filter>
    </ClInclude>
    <ClInclude Include="..\Stub\AGSteamStub.h">
      <Filter>Header Files\Stub</Filter>
    </ClInclude>
    <ClInclude Include="..\Stub\LeaderboardsStub.h">
      <Filter>Header Files\Stub</Filter>
    </ClInclude>
    <ClInclude Include="..\Stub\StatsStub.h">
      <Filter>Header Files\Stub</Filter>
    </ClInclude>
  </ItemGroup>
  <ItemGroup>
    <ClCompile Include="..\Stub\ags2client\IAGS2Client.cpp">
      <Filter>Source Files\Stub\ags2client</Filter>
    </ClCompile>
    <ClCompile Include="..\Stub\ags2client\IClientAchievements.cpp">
      <Filter>Source Files\Stub\ags2client</Filter>
    </ClCompile>
    <ClCompile Include="..\Stub\ags2client\IClientLeaderboards.cpp">
      <Filter>Source Files\Stub\ags2client</Filter>
    </ClCompile>
    <ClCompile Include="..\Stub\ags2client\IClientStats.cpp">
      <Filter>Source Files\Stub\ags2client</Filter>
    </ClCompile>
    <ClCompile Include="..\Stub\ags2client\main.cpp">
      <Filter>Source Files\Stub\ags2client</Filter>
    </ClCompile>
    <ClCompile Include="..\AGSteamPlugin.cpp">
      <Filter>Source Files</Filter>
    </ClCompile>
    <ClCompile Include="..\SteamAchievements.cpp">
      <Filter>Source Files</Filter>
    </ClCompile>
    <ClCompile Include="..\SteamLeaderboards.cpp">
      <Filter>Source Files</Filter>
    </ClCompile>
    <ClCompile Include="..\SteamStats.cpp">
      <Filter>Source Files</Filter>
    </ClCompile>
    <ClCompile Include="..\Stub\AchievementsStub.cpp">
      <Filter>Source Files\Stub</Filter>
    </ClCompile>
    <ClCompile Include="..\Stub\AGSteamStub.cpp">
      <Filter>Source Files\Stub</Filter>
    </ClCompile>
    <ClCompile Include="..\Stub\LeaderboardsStub.cpp">
      <Filter>Source Files\Stub</Filter>
    </ClCompile>
    <ClCompile Include="..\Stub\StatsStub.cpp">
      <Filter>Source Files\Stub</Filter>
    </ClCompile>
    <ClCompile Include="..\AGS2Client.cpp">
      <Filter>Source Files</Filter>
    </ClCompile>
  </ItemGroup>
</Project>